
Microsoft Visual Studio Solution File, Format Version 12.00
Project("{FAE04EC0-301F-11D3-BF4B-00C04F79EFBC}") = "connect4", "connect4\connect4.csproj", "{35B230CC-3327-4D88-9560-573124AE2D14}"
EndProject
Global
	GlobalSection(SolutionConfigurationPlatforms) = preSolution
		Debug|Any CPU = Debug|Any CPU
		Release|Any CPU = Release|Any CPU
	EndGlobalSection
	GlobalSection(ProjectConfigurationPlatforms) = postSolution
		{35B230CC-3327-4D88-9560-573124AE2D14}.Debug|Any CPU.ActiveCfg = Debug|Any CPU
		{35B230CC-3327-4D88-9560-573124AE2D14}.Debug|Any CPU.Build.0 = Debug|Any CPU
		{35B230CC-3327-4D88-9560-573124AE2D14}.Release|Any CPU.ActiveCfg = Release|Any CPU
		{35B230CC-3327-4D88-9560-573124AE2D14}.Release|Any CPU.Build.0 = Release|Any CPU
	EndGlobalSection
EndGlobal
