
Microsoft Visual Studio Solution File, Format Version 12.00
# Visual Studio Version 16
VisualStudioVersion = 16.0.31005.135
MinimumVisualStudioVersion = 10.0.40219.1
Project("{9A19103F-16F7-4668-BE54-9A1E7A4F7556}") = "connect4", "connect4\connect4.csproj", "{35B230CC-3327-4D88-9560-573124AE2D14}"
EndProject
Project("{FAE04EC0-301F-11D3-BF4B-00C04F79EFBC}") = "connect4Console", "connect4Console\connect4Console.csproj", "{0FC4E7FD-68C5-4692-9B76-26088B2C3C12}"
EndProject
Global
	GlobalSection(SolutionConfigurationPlatforms) = preSolution
		Debug|Any CPU = Debug|Any CPU
		Release|Any CPU = Release|Any CPU
	EndGlobalSection
	GlobalSection(ProjectConfigurationPlatforms) = postSolution
		{35B230CC-3327-4D88-9560-573124AE2D14}.Debug|Any CPU.ActiveCfg = Debug|Any CPU
		{35B230CC-3327-4D88-9560-573124AE2D14}.Debug|Any CPU.Build.0 = Debug|Any CPU
		{35B230CC-3327-4D88-9560-573124AE2D14}.Release|Any CPU.ActiveCfg = Release|Any CPU
		{35B230CC-3327-4D88-9560-573124AE2D14}.Release|Any CPU.Build.0 = Release|Any CPU
		{0FC4E7FD-68C5-4692-9B76-26088B2C3C12}.Debug|Any CPU.ActiveCfg = Debug|Any CPU
		{0FC4E7FD-68C5-4692-9B76-26088B2C3C12}.Debug|Any CPU.Build.0 = Debug|Any CPU
		{0FC4E7FD-68C5-4692-9B76-26088B2C3C12}.Release|Any CPU.ActiveCfg = Release|Any CPU
		{0FC4E7FD-68C5-4692-9B76-26088B2C3C12}.Release|Any CPU.Build.0 = Release|Any CPU
	EndGlobalSection
	GlobalSection(SolutionProperties) = preSolution
		HideSolutionNode = FALSE
	EndGlobalSection
	GlobalSection(ExtensibilityGlobals) = postSolution
		SolutionGuid = {BDD72F92-2197-41E5-A872-4853B2827B0D}
	EndGlobalSection
EndGlobal
